
Microsoft Visual Studio Solution File, Format Version 12.00
# Visual Studio Version 17
VisualStudioVersion = 17.13.35919.96 d17.13
MinimumVisualStudioVersion = 10.0.40219.1
Project("{FAE04EC0-301F-11D3-BF4B-00C04F79EFBC}") = "ProtWatchdogNetService", "ProtWatchdogNetService\ProtWatchdogNetService.csproj", "{780B6866-94FD-431A-B1B3-A80AD76528D3}"
EndProject
Global
	GlobalSection(SolutionConfigurationPlatforms) = preSolution
		Debug|Any CPU = Debug|Any CPU
		Release|Any CPU = Release|Any CPU
	EndGlobalSection
	GlobalSection(ProjectConfigurationPlatforms) = postSolution
		{780B6866-94FD-431A-B1B3-A80AD76528D3}.Debug|Any CPU.ActiveCfg = Debug|Any CPU
		{780B6866-94FD-431A-B1B3-A80AD76528D3}.Debug|Any CPU.Build.0 = Debug|Any CPU
		{780B6866-94FD-431A-B1B3-A80AD76528D3}.Release|Any CPU.ActiveCfg = Release|Any CPU
		{780B6866-94FD-431A-B1B3-A80AD76528D3}.Release|Any CPU.Build.0 = Release|Any CPU
	EndGlobalSection
	GlobalSection(SolutionProperties) = preSolution
		HideSolutionNode = FALSE
	EndGlobalSection
	GlobalSection(ExtensibilityGlobals) = postSolution
		SolutionGuid = {2A0431BA-013F-4D93-87E5-7448099FB710}
	EndGlobalSection
EndGlobal
